{
  "name": "demo-project",
  "version": "1.0.0",
  "lockfileVersion": 1,
  "requires": true,
  "dependencies": {
    "accepts": {
      "version": "1.2.13",
      "resolved": "https://registry.npmjs.org/accepts/-/accepts-1.2.13.tgz",
      "integrity": "sha1-5fHzkoxtlf2WVYw27D2dDeSm7Oo=",
      "dev": true,
      "requires": {
        "mime-types": "~2.1.6",
        "negotiator": "0.5.3"
      }
    },
    "base64-url": {
      "version": "1.2.1",
      "resolved": "https://registry.npmjs.org/base64-url/-/base64-url-1.2.1.tgz",
      "integrity": "sha1-GZ/WYXAqDnt9yubgaYuwicUvbXg=",
      "dev": true
    },
    "basic-auth": {
      "version": "1.0.0",
      "resolved": "https://registry.npmjs.org/basic-auth/-/basic-auth-1.0.0.tgz",
      "integrity": "sha1-ERstn/jk5tE2uMhOpeCWy4c1Fjc=",
      "dev": true
    },
    "basic-auth-connect": {
      "version": "1.0.0",
      "resolved": "https://registry.npmjs.org/basic-auth-connect/-/basic-auth-connect-1.0.0.tgz",
      "integrity": "sha1-/bC0OWLKe0BFanwrtI/hc9otISI=",
      "dev": true
    },
    "batch": {
      "version": "0.5.2",
      "resolved": "https://registry.npmjs.org/batch/-/batch-0.5.2.tgz",
      "integrity": "sha1-VGVD2+MhGMg8fHyjOh9cXV6pY+k=",
      "dev": true
    },
    "body-parser": {
      "version": "1.12.4",
      "resolved": "https://registry.npmjs.org/body-parser/-/body-parser-1.12.4.tgz",
      "integrity": "sha1-CQcAxLoohiqFIO83g5X97l9hwik=",
      "dev": true,
      "requires": {
        "bytes": "1.0.0",
        "content-type": "~1.0.1",
        "debug": "~2.2.0",
        "depd": "~1.0.1",
        "iconv-lite": "0.4.8",
        "on-finished": "~2.2.1",
        "qs": "2.4.2",
        "raw-body": "~2.0.1",
        "type-is": "~1.6.2"
      }
    },
    "bytes": {
      "version": "1.0.0",
      "resolved": "https://registry.npmjs.org/bytes/-/bytes-1.0.0.tgz",
      "integrity": "sha1-NWnt6Lo0MV+rmcPpLLBMciDeH6g=",
      "dev": true
    },
    "commander": {
      "version": "2.6.0",
      "resolved": "https://registry.npmjs.org/commander/-/commander-2.6.0.tgz",
      "integrity": "sha1-nfflL7Kgyw+4kFjugMMQQiXzfh0=",
      "dev": true
    },
    "compressible": {
      "version": "2.0.18",
      "resolved": "https://registry.npmjs.org/compressible/-/compressible-2.0.18.tgz",
      "integrity": "sha512-AF3r7P5dWxL8MxyITRMlORQNaOA2IkAFaTr4k7BUumjPtRpGDTZpl0Pb1XCO6JeDCBdp126Cgs9sMxqSjgYyRg==",
      "dev": true,
      "requires": {
        "mime-db": ">= 1.43.0 < 2"
      }
    },
    "compression": {
      "version": "1.4.4",
      "resolved": "https://registry.npmjs.org/compression/-/compression-1.4.4.tgz",
      "integrity": "sha1-L5mUykduTZul/cZ6ySmUKDfQtqQ=",
      "dev": true,
      "requires": {
        "accepts": "~1.2.7",
        "bytes": "1.0.0",
        "compressible": "~2.0.2",
        "debug": "~2.2.0",
        "on-headers": "~1.0.0",
        "vary": "~1.0.0"
      }
    },
    "connect": {
      "version": "2.29.2",
      "resolved": "https://registry.npmjs.org/connect/-/connect-2.29.2.tgz",
      "integrity": "sha1-gXa/AkKHx1cSvngqcaRlPY7+q9c=",
      "dev": true,
      "requires": {
        "basic-auth-connect": "1.0.0",
        "body-parser": "~1.12.4",
        "bytes": "1.0.0",
        "compression": "~1.4.4",
        "connect-timeout": "~1.6.2",
        "content-type": "~1.0.1",
        "cookie": "0.1.2",
        "cookie-parser": "~1.3.4",
        "cookie-signature": "1.0.6",
        "csurf": "~1.7.0",
        "debug": "~2.2.0",
        "depd": "~1.0.1",
        "errorhandler": "~1.3.6",
        "express-session": "~1.10.4",
        "finalhandler": "0.3.6",
        "fresh": "0.2.4",
        "http-errors": "~1.3.1",
        "method-override": "~2.3.3",
        "morgan": "~1.5.3",
        "multiparty": "3.3.2",
        "on-headers": "~1.0.0",
        "parseurl": "~1.3.0",
        "pause": "0.0.1",
        "qs": "2.4.2",
        "response-time": "~2.3.1",
        "serve-favicon": "~2.2.1",
        "serve-index": "~1.6.4",
        "serve-static": "~1.9.3",
        "type-is": "~1.6.2",
        "utils-merge": "1.0.0",
        "vhost": "~3.0.0"
      }
    },
    "connect-timeout": {
      "version": "1.6.2",
      "resolved": "https://registry.npmjs.org/connect-timeout/-/connect-timeout-1.6.2.tgz",
      "integrity": "sha1-3ppexh4zoStu2qt7XwYumMWZuI4=",
      "dev": true,
      "requires": {
        "debug": "~2.2.0",
        "http-errors": "~1.3.1",
        "ms": "0.7.1",
        "on-headers": "~1.0.0"
      }
    },
    "content-disposition": {
      "version": "0.5.0",
      "resolved": "https://registry.npmjs.org/content-disposition/-/content-disposition-0.5.0.tgz",
      "integrity": "sha1-QoT+auBjCHRjnkToCkGMKTQTXp4=",
      "dev": true
    },
    "content-type": {
      "version": "1.0.4",
      "resolved": "https://registry.npmjs.org/content-type/-/content-type-1.0.4.tgz",
      "integrity": "sha512-hIP3EEPs8tB9AT1L+NUqtwOAps4mk2Zob89MWXMHjHWg9milF/j4osnnQLXBCBFBk/tvIG/tUc9mOUJiPBhPXA==",
      "dev": true
    },
    "cookie": {
      "version": "0.1.2",
      "resolved": "https://registry.npmjs.org/cookie/-/cookie-0.1.2.tgz",
      "integrity": "sha1-cv7D0k5Io0Mgc9kMEmQgBQYQBLE=",
      "dev": true
    },
    "cookie-parser": {
      "version": "1.3.5",
      "resolved": "https://registry.npmjs.org/cookie-parser/-/cookie-parser-1.3.5.tgz",
      "integrity": "sha1-nXVVcPtdF4kHcSJ6AjFNm+fPg1Y=",
      "dev": true,
      "requires": {
        "cookie": "0.1.3",
        "cookie-signature": "1.0.6"
      },
      "dependencies": {
        "cookie": {
          "version": "0.1.3",
          "resolved": "https://registry.npmjs.org/cookie/-/cookie-0.1.3.tgz",
          "integrity": "sha1-5zSlwUF/zkctWu+Cw4HKu2TRpDU=",
          "dev": true
        }
      }
    },
    "cookie-signature": {
      "version": "1.0.6",
      "resolved": "https://registry.npmjs.org/cookie-signature/-/cookie-signature-1.0.6.tgz",
      "integrity": "sha1-4wOogrNCzD7oylE6eZmXNNqzriw=",
      "dev": true
    },
    "core-util-is": {
      "version": "1.0.3",
      "resolved": "https://registry.npmjs.org/core-util-is/-/core-util-is-1.0.3.tgz",
      "integrity": "sha512-ZQBvi1DcpJ4GDqanjucZ2Hj3wEO5pZDS89BWbkcrvdxksJorwUDDZamX9ldFkp9aw2lmBDLgkObEA4DWNJ9FYQ==",
      "dev": true
    },
    "crc": {
      "version": "3.2.1",
      "resolved": "https://registry.npmjs.org/crc/-/crc-3.2.1.tgz",
      "integrity": "sha1-XZyPt3okXNXsopHl0tAFM0urAII=",
      "dev": true
    },
    "csrf": {
      "version": "2.0.7",
      "resolved": "https://registry.npmjs.org/csrf/-/csrf-2.0.7.tgz",
      "integrity": "sha1-0E9S4Paiin4s/h4B3V68JRs9QgE=",
      "dev": true,
      "requires": {
        "base64-url": "1.2.1",
        "rndm": "~1.1.0",
        "scmp": "1.0.0",
        "uid-safe": "~1.1.0"
      }
    },
    "csurf": {
      "version": "1.7.0",
      "resolved": "https://registry.npmjs.org/csurf/-/csurf-1.7.0.tgz",
      "integrity": "sha1-8k3FN1P8y9zgUF8qvFtXFntl/xg=",
      "dev": true,
      "requires": {
        "cookie": "0.1.2",
        "cookie-signature": "1.0.6",
        "csrf": "~2.0.6",
        "http-errors": "~1.3.1"
      }
    },
    "debug": {
      "version": "2.2.0",
      "resolved": "https://registry.npmjs.org/debug/-/debug-2.2.0.tgz",
      "integrity": "sha1-+HBX6ZWxofauaklgZkE3vFbwOdo=",
      "dev": true,
      "requires": {
        "ms": "0.7.1"
      }
    },
    "depd": {
      "version": "1.0.1",
      "resolved": "https://registry.npmjs.org/depd/-/depd-1.0.1.tgz",
      "integrity": "sha1-gK7GTJ1tl+ZcwqnKqTwKpqv3Oqo=",
      "dev": true
    },
    "destroy": {
      "version": "1.0.3",
      "resolved": "https://registry.npmjs.org/destroy/-/destroy-1.0.3.tgz",
      "integrity": "sha1-tDO0ck5x/YVR2YhRdIUcX8N34sk=",
      "dev": true
    },
    "ee-first": {
      "version": "1.1.0",
      "resolved": "https://registry.npmjs.org/ee-first/-/ee-first-1.1.0.tgz",
      "integrity": "sha1-ag18YiHkkP7v2S7D9EHJzozQl/Q=",
      "dev": true
    },
    "errorhandler": {
      "version": "1.3.6",
      "resolved": "https://registry.npmjs.org/errorhandler/-/errorhandler-1.3.6.tgz",
      "integrity": "sha1-p83BOFTChyMV273+i6msJcTM9Mc=",
      "dev": true,
      "requires": {
        "accepts": "~1.2.6",
        "escape-html": "1.0.1"
      }
    },
    "escape-html": {
      "version": "1.0.1",
      "resolved": "https://registry.npmjs.org/escape-html/-/escape-html-1.0.1.tgz",
      "integrity": "sha1-GBoobq05ejmpKFfPsdQwUuNWv/A=",
      "dev": true
    },
    "etag": {
      "version": "1.5.1",
      "resolved": "https://registry.npmjs.org/etag/-/etag-1.5.1.tgz",
      "integrity": "sha1-VMUN4E7kJpVWKSWsVmWIKRvn6eo=",
      "dev": true,
      "requires": {
        "crc": "3.2.1"
      }
    },
    "express": {
      "version": "3.20.3",
      "resolved": "https://registry.npmjs.org/express/-/express-3.20.3.tgz",
      "integrity": "sha1-UIWrP1/3Yc9+FZfpud8VbxCUre0=",
      "dev": true,
      "requires": {
        "basic-auth": "1.0.0",
        "commander": "2.6.0",
        "connect": "2.29.2",
        "content-disposition": "0.5.0",
        "content-type": "~1.0.1",
        "cookie": "0.1.2",
        "cookie-signature": "1.0.6",
        "debug": "~2.2.0",
        "depd": "~1.0.1",
        "escape-html": "1.0.1",
        "etag": "~1.5.1",
        "fresh": "0.2.4",
        "merge-descriptors": "1.0.0",
        "methods": "~1.1.1",
        "mkdirp": "0.5.0",
        "parseurl": "~1.3.0",
        "proxy-addr": "~1.0.8",
        "range-parser": "~1.0.2",
        "send": "0.12.3",
        "utils-merge": "1.0.0",
        "vary": "~1.0.0"
      },
      "dependencies": {
        "mkdirp": {
          "version": "0.5.0",
          "resolved": "https://registry.npmjs.org/mkdirp/-/mkdirp-0.5.0.tgz",
          "integrity": "sha1-HXMHam35hs2TROFecfzAWkyavxI=",
          "dev": true,
          "requires": {
            "minimist": "0.0.8"
          }
        }
      }
    },
    "express-session": {
      "version": "1.10.4",
      "resolved": "https://registry.npmjs.org/express-session/-/express-session-1.10.4.tgz",
      "integrity": "sha1-BOHZLgBZOJPh92Vp6zrWMRPa+Uw=",
      "dev": true,
      "requires": {
        "cookie": "0.1.2",
        "cookie-signature": "1.0.6",
        "crc": "3.2.1",
        "debug": "~2.1.3",
        "depd": "~1.0.0",
        "on-headers": "~1.0.0",
        "parseurl": "~1.3.0",
        "uid-safe": "1.1.0",
        "utils-merge": "1.0.0"
      },
      "dependencies": {
        "debug": {
          "version": "2.1.3",
          "resolved": "https://registry.npmjs.org/debug/-/debug-2.1.3.tgz",
          "integrity": "sha1-zoqxte6PvuK/o7Yzyrk9NmtjQY4=",
          "dev": true,
          "requires": {
            "ms": "0.7.0"
          }
        },
        "ms": {
          "version": "0.7.0",
          "resolved": "https://registry.npmjs.org/ms/-/ms-0.7.0.tgz",
          "integrity": "sha1-hlvpTC5zl62KV9pqYzpuLzB5i4M=",
          "dev": true
        }
      }
    },
    "finalhandler": {
      "version": "0.3.6",
      "resolved": "https://registry.npmjs.org/finalhandler/-/finalhandler-0.3.6.tgz",
      "integrity": "sha1-2vnEFhsbBuABRmsUEd/baXO+E4s=",
      "dev": true,
      "requires": {
        "debug": "~2.2.0",
        "escape-html": "1.0.1",
        "on-finished": "~2.2.1"
      }
    },
    "forwarded": {
      "version": "0.1.2",
      "resolved": "https://registry.npmjs.org/forwarded/-/forwarded-0.1.2.tgz",
      "integrity": "sha1-mMI9qxF1ZXuMBXPozszZGw/xjIQ=",
      "dev": true
    },
    "fresh": {
      "version": "0.2.4",
      "resolved": "https://registry.npmjs.org/fresh/-/fresh-0.2.4.tgz",
      "integrity": "sha1-NYJJkgbJcjcUGQ7ddLRgT+tKYUw=",
      "dev": true
    },
    "http-errors": {
      "version": "1.3.1",
      "resolved": "https://registry.npmjs.org/http-errors/-/http-errors-1.3.1.tgz",
      "integrity": "sha1-GX4izevUGYWF6GlO9nhhl7ke2UI=",
      "dev": true,
      "requires": {
        "inherits": "~2.0.1",
        "statuses": "1"
      }
    },
    "iconv-lite": {
      "version": "0.4.8",
      "resolved": "https://registry.npmjs.org/iconv-lite/-/iconv-lite-0.4.8.tgz",
      "integrity": "sha1-xgGadZXyzvynAuq2lKAQvNkpjSA=",
      "dev": true
    },
    "inherits": {
      "version": "2.0.4",
      "resolved": "https://registry.npmjs.org/inherits/-/inherits-2.0.4.tgz",
      "integrity": "sha512-k/vGaX4/Yla3WzyMCvTQOXYeIHvqOKtnqBduzTHpzpQZzAskKMhZ2K+EnBiSM9zGSoIFeMpXKxa4dYeZIQqewQ==",
      "dev": true
    },
    "ipaddr.js": {
      "version": "1.0.5",
      "resolved": "https://registry.npmjs.org/ipaddr.js/-/ipaddr.js-1.0.5.tgz",
      "integrity": "sha1-X6eM8wG4JceKvDBC2BJyMEnqI8c=",
      "dev": true
    },
    "isarray": {
      "version": "0.0.1",
      "resolved": "https://registry.npmjs.org/isarray/-/isarray-0.0.1.tgz",
      "integrity": "sha1-ihis/Kmo9Bd+Cav8YDiTmwXR7t8=",
      "dev": true
    },
    "media-typer": {
      "version": "0.3.0",
      "resolved": "https://registry.npmjs.org/media-typer/-/media-typer-0.3.0.tgz",
      "integrity": "sha1-hxDXrwqmJvj/+hzgAWhUUmMlV0g=",
      "dev": true
    },
    "merge-descriptors": {
      "version": "1.0.0",
      "resolved": "https://registry.npmjs.org/merge-descriptors/-/merge-descriptors-1.0.0.tgz",
      "integrity": "sha1-IWnPdTjhsMyH+4jhUC2EdLv3mGQ=",
      "dev": true
    },
    "method-override": {
      "version": "2.3.10",
      "resolved": "https://registry.npmjs.org/method-override/-/method-override-2.3.10.tgz",
      "integrity": "sha1-49r41d7hDdLc59SuiNYrvud0drQ=",
      "dev": true,
      "requires": {
        "debug": "2.6.9",
        "methods": "~1.1.2",
        "parseurl": "~1.3.2",
        "vary": "~1.1.2"
      },
      "dependencies": {
        "debug": {
          "version": "2.6.9",
          "resolved": "https://registry.npmjs.org/debug/-/debug-2.6.9.tgz",
          "integrity": "sha512-bC7ElrdJaJnPbAP+1EotYvqZsb3ecl5wi6Bfi6BJTUcNowp6cvspg0jXznRTKDjm/E7AdgFBVeAPVMNcKGsHMA==",
          "dev": true,
          "requires": {
            "ms": "2.0.0"
          }
        },
        "ms": {
          "version": "2.0.0",
          "resolved": "https://registry.npmjs.org/ms/-/ms-2.0.0.tgz",
          "integrity": "sha1-VgiurfwAvmwpAd9fmGF4jeDVl8g=",
          "dev": true
        },
        "vary": {
          "version": "1.1.2",
          "resolved": "https://registry.npmjs.org/vary/-/vary-1.1.2.tgz",
          "integrity": "sha1-IpnwLG3tMNSllhsLn3RSShj2NPw=",
          "dev": true
        }
      }
    },
    "methods": {
      "version": "1.1.2",
      "resolved": "https://registry.npmjs.org/methods/-/methods-1.1.2.tgz",
      "integrity": "sha1-VSmk1nZUE07cxSZmVoNbD4Ua/O4=",
      "dev": true
    },
    "mime": {
      "version": "1.3.4",
      "resolved": "https://registry.npmjs.org/mime/-/mime-1.3.4.tgz",
      "integrity": "sha1-EV+eO2s9rylZmDyzjxSaLUDrXVM=",
      "dev": true
    },
    "mime-db": {
      "version": "1.49.0",
      "resolved": "https://registry.npmjs.org/mime-db/-/mime-db-1.49.0.tgz",
      "integrity": "sha512-CIc8j9URtOVApSFCQIF+VBkX1RwXp/oMMOrqdyXSBXq5RWNEsRfyj1kiRnQgmNXmHxPoFIxOroKA3zcU9P+nAA==",
      "dev": true
    },
    "mime-types": {
      "version": "2.1.32",
      "resolved": "https://registry.npmjs.org/mime-types/-/mime-types-2.1.32.tgz",
      "integrity": "sha512-hJGaVS4G4c9TSMYh2n6SQAGrC4RnfU+daP8G7cSCmaqNjiOoUY0VHCMS42pxnQmVF1GWwFhbHWn3RIxCqTmZ9A==",
      "dev": true,
      "requires": {
        "mime-db": "1.49.0"
      }
    },
    "minimist": {
      "version": "0.0.8",
      "resolved": "https://registry.npmjs.org/minimist/-/minimist-0.0.8.tgz",
      "integrity": "sha1-hX/Kv8M5fSYluCKCYuhqp6ARsF0=",
      "dev": true
    },
    "mkdirp": {
      "version": "1.0.4",
      "resolved": "https://registry.npmjs.org/mkdirp/-/mkdirp-1.0.4.tgz",
      "integrity": "sha512-vVqVZQyf3WLx2Shd0qJ9xuvqgAyKPLAiqITEtqW0oIUjzo3PePDd6fW9iFz30ef7Ysp/oiWqbhszeGWW2T6Gzw==",
      "dev": true
    },
    "morgan": {
      "version": "1.5.3",
      "resolved": "https://registry.npmjs.org/morgan/-/morgan-1.5.3.tgz",
      "integrity": "sha1-ittOcvnlxUNuXZP0KRCDX3nan98=",
      "dev": true,
      "requires": {
        "basic-auth": "~1.0.1",
        "debug": "~2.2.0",
        "depd": "~1.0.1",
        "on-finished": "~2.2.1"
      },
      "dependencies": {
        "basic-auth": {
          "version": "1.0.4",
          "resolved": "https://registry.npmjs.org/basic-auth/-/basic-auth-1.0.4.tgz",
          "integrity": "sha1-Awk1sB3nyblKgksp8/zLdQ06UpA=",
          "dev": true
        }
      }
    },
    "ms": {
      "version": "0.7.1",
      "resolved": "https://registry.npmjs.org/ms/-/ms-0.7.1.tgz",
      "integrity": "sha1-nNE8A62/8ltl7/3nzoZO6VIBcJg=",
      "dev": true
    },
    "multiparty": {
      "version": "3.3.2",
      "resolved": "https://registry.npmjs.org/multiparty/-/multiparty-3.3.2.tgz",
      "integrity": "sha1-Nd5oBNwZZD5SSfPT473GyM4wHT8=",
      "dev": true,
      "requires": {
        "readable-stream": "~1.1.9",
        "stream-counter": "~0.2.0"
      }
    },
    "native-or-bluebird": {
      "version": "1.1.2",
      "resolved": "https://registry.npmjs.org/native-or-bluebird/-/native-or-bluebird-1.1.2.tgz",
      "integrity": "sha1-OSHhECMtHreQ89rGG7NwUxx9NW4=",
      "dev": true
    },
    "negotiator": {
      "version": "0.5.3",
      "resolved": "https://registry.npmjs.org/negotiator/-/negotiator-0.5.3.tgz",
      "integrity": "sha1-Jp1cR2gQ7JLtvntsLygxY4T5p+g=",
      "dev": true
    },
    "on-finished": {
      "version": "2.2.1",
      "resolved": "https://registry.npmjs.org/on-finished/-/on-finished-2.2.1.tgz",
      "integrity": "sha1-XIXBzDYpn3gCllP2Z/J7a5nrwCk=",
      "dev": true,
      "requires": {
        "ee-first": "1.1.0"
      }
    },
    "on-headers": {
      "version": "1.0.2",
      "resolved": "https://registry.npmjs.org/on-headers/-/on-headers-1.0.2.tgz",
      "integrity": "sha512-pZAE+FJLoyITytdqK0U5s+FIpjN0JP3OzFi/u8Rx+EV5/W+JTWGXG8xFzevE7AjBfDqHv/8vL8qQsIhHnqRkrA==",
      "dev": true
    },
    "parseurl": {
      "version": "1.3.3",
      "resolved": "https://registry.npmjs.org/parseurl/-/parseurl-1.3.3.tgz",
      "integrity": "sha512-CiyeOxFT/JZyN5m0z9PfXw4SCBJ6Sygz1Dpl0wqjlhDEGGBP1GnsUVEL0p63hoG1fcj3fHynXi9NYO4nWOL+qQ==",
      "dev": true
    },
    "pause": {
      "version": "0.0.1",
      "resolved": "https://registry.npmjs.org/pause/-/pause-0.0.1.tgz",
      "integrity": "sha1-HUCLP9t2kjuVQ9lvtMnf1TXZy10=",
      "dev": true
    },
    "proxy-addr": {
      "version": "1.0.10",
      "resolved": "https://registry.npmjs.org/proxy-addr/-/proxy-addr-1.0.10.tgz",
      "integrity": "sha1-DUCoL4Afw1VWfS7LZe/j8HfxIcU=",
      "dev": true,
      "requires": {
        "forwarded": "~0.1.0",
        "ipaddr.js": "1.0.5"
      }
    },
    "qs": {
      "version": "2.4.2",
      "resolved": "https://registry.npmjs.org/qs/-/qs-2.4.2.tgz",
      "integrity": "sha1-9854jld33wtQENp/fE5zujJHD1o=",
      "dev": true
    },
    "range-parser": {
      "version": "1.0.3",
      "resolved": "https://registry.npmjs.org/range-parser/-/range-parser-1.0.3.tgz",
      "integrity": "sha1-aHKCNTXGkuLCoBA4Jq/YLC4P8XU=",
      "dev": true
    },
    "raw-body": {
      "version": "2.0.2",
      "resolved": "https://registry.npmjs.org/raw-body/-/raw-body-2.0.2.tgz",
      "integrity": "sha1-osL5jIUxzumcY9jSOLfel7tln8o=",
      "dev": true,
      "requires": {
        "bytes": "2.1.0",
        "iconv-lite": "0.4.8"
      },
      "dependencies": {
        "bytes": {
          "version": "2.1.0",
          "resolved": "https://registry.npmjs.org/bytes/-/bytes-2.1.0.tgz",
          "integrity": "sha1-rJPEEOL/ycx89LRks4KJBn9eR7Q=",
          "dev": true
        }
      }
    },
    "readable-stream": {
      "version": "1.1.14",
      "resolved": "https://registry.npmjs.org/readable-stream/-/readable-stream-1.1.14.tgz",
      "integrity": "sha1-fPTFTvZI44EwhMY23SB54WbAgdk=",
      "dev": true,
      "requires": {
        "core-util-is": "~1.0.0",
        "inherits": "~2.0.1",
        "isarray": "0.0.1",
        "string_decoder": "~0.10.x"
      }
    },
    "response-time": {
      "version": "2.3.2",
      "resolved": "https://registry.npmjs.org/response-time/-/response-time-2.3.2.tgz",
      "integrity": "sha1-/6cbq5UtYvfB1Jt0NDVfvGjf/Fo=",
      "dev": true,
      "requires": {
        "depd": "~1.1.0",
        "on-headers": "~1.0.1"
      },
      "dependencies": {
        "depd": {
          "version": "1.1.2",
          "resolved": "https://registry.npmjs.org/depd/-/depd-1.1.2.tgz",
          "integrity": "sha1-m81S4UwJd2PnSbJ0xDRu0uVgtak=",
          "dev": true
        }
      }
    },
    "rndm": {
      "version": "1.1.1",
      "resolved": "https://registry.npmjs.org/rndm/-/rndm-1.1.1.tgz",
      "integrity": "sha1-7870N0Ah94tj3mImtZhRICadZPE=",
      "dev": true
    },
    "scmp": {
      "version": "1.0.0",
      "resolved": "https://registry.npmjs.org/scmp/-/scmp-1.0.0.tgz",
      "integrity": "sha1-oLJyw/xykvdxFWRvAGGLAmJRTgQ=",
      "dev": true
    },
    "send": {
      "version": "0.12.3",
      "resolved": "https://registry.npmjs.org/send/-/send-0.12.3.tgz",
      "integrity": "sha1-zRLcWP3iHk+RkCs5sv2gWnptm9w=",
      "dev": true,
      "requires": {
        "debug": "~2.2.0",
        "depd": "~1.0.1",
        "destroy": "1.0.3",
        "escape-html": "1.0.1",
        "etag": "~1.6.0",
        "fresh": "0.2.4",
        "mime": "1.3.4",
        "ms": "0.7.1",
        "on-finished": "~2.2.1",
        "range-parser": "~1.0.2"
      },
      "dependencies": {
        "etag": {
          "version": "1.6.0",
          "resolved": "https://registry.npmjs.org/etag/-/etag-1.6.0.tgz",
          "integrity": "sha1-i8ssavElTEgd/IuZfJBu9ORCwgc=",
          "dev": true,
          "requires": {
            "crc": "3.2.1"
          }
        }
      }
    },
    "serve-favicon": {
      "version": "2.2.1",
      "resolved": "https://registry.npmjs.org/serve-favicon/-/serve-favicon-2.2.1.tgz",
      "integrity": "sha1-2XuswVD2b+DlzEx4qEuhW65aWEo=",
      "dev": true,
      "requires": {
        "etag": "~1.6.0",
        "fresh": "0.2.4",
        "ms": "0.7.1",
        "parseurl": "~1.3.0"
      },
      "dependencies": {
        "etag": {
          "version": "1.6.0",
          "resolved": "https://registry.npmjs.org/etag/-/etag-1.6.0.tgz",
          "integrity": "sha1-i8ssavElTEgd/IuZfJBu9ORCwgc=",
          "dev": true,
          "requires": {
            "crc": "3.2.1"
          }
        }
      }
    },
    "serve-index": {
      "version": "1.6.4",
      "resolved": "https://registry.npmjs.org/serve-index/-/serve-index-1.6.4.tgz",
      "integrity": "sha1-ix7M8elHzw1/sz6sMNRlnA3cVDs=",
      "dev": true,
      "requires": {
        "accepts": "~1.2.7",
        "batch": "0.5.2",
        "debug": "~2.2.0",
        "escape-html": "1.0.1",
        "http-errors": "~1.3.1",
        "mime-types": "~2.0.11",
        "parseurl": "~1.3.0"
      },
      "dependencies": {
        "mime-db": {
          "version": "1.12.0",
          "resolved": "https://registry.npmjs.org/mime-db/-/mime-db-1.12.0.tgz",
          "integrity": "sha1-PQxjGA9FjrENMlqqN9fFiuMS6dc=",
          "dev": true
        },
        "mime-types": {
          "version": "2.0.14",
          "resolved": "https://registry.npmjs.org/mime-types/-/mime-types-2.0.14.tgz",
          "integrity": "sha1-MQ4VnbI+B3+Lsit0jav6SVcUCqY=",
          "dev": true,
          "requires": {
            "mime-db": "~1.12.0"
          }
        }
      }
    },
    "serve-static": {
      "version": "1.9.3",
      "resolved": "https://registry.npmjs.org/serve-static/-/serve-static-1.9.3.tgz",
      "integrity": "sha1-X42gcyOtOF/z3FQfGnkXsuQ261c=",
      "dev": true,
      "requires": {
        "escape-html": "1.0.1",
        "parseurl": "~1.3.0",
        "send": "0.12.3",
        "utils-merge": "1.0.0"
      }
    },
    "statuses": {
      "version": "1.5.0",
      "resolved": "https://registry.npmjs.org/statuses/-/statuses-1.5.0.tgz",
      "integrity": "sha1-Fhx9rBd2Wf2YEfQ3cfqZOBR4Yow=",
      "dev": true
    },
    "stream-counter": {
      "version": "0.2.0",
      "resolved": "https://registry.npmjs.org/stream-counter/-/stream-counter-0.2.0.tgz",
      "integrity": "sha1-3tJmVWMZyLDiIoErnPOyb6fZR94=",
      "dev": true,
      "requires": {
        "readable-stream": "~1.1.8"
      }
    },
    "string_decoder": {
      "version": "0.10.31",
      "resolved": "https://registry.npmjs.org/string_decoder/-/string_decoder-0.10.31.tgz",
      "integrity": "sha1-YuIDvEF2bGwoyfyEMB2rHFMQ+pQ=",
      "dev": true
    },
    "type-is": {
      "version": "1.6.18",
      "resolved": "https://registry.npmjs.org/type-is/-/type-is-1.6.18.tgz",
      "integrity": "sha512-TkRKr9sUTxEH8MdfuCSP7VizJyzRNMjj2J2do2Jr3Kym598JVdEksuzPQCnlFPW4ky9Q+iA+ma9BGm06XQBy8g==",
      "dev": true,
      "requires": {
        "media-typer": "0.3.0",
        "mime-types": "~2.1.24"
      }
    },
    "uid-safe": {
      "version": "1.1.0",
      "resolved": "https://registry.npmjs.org/uid-safe/-/uid-safe-1.1.0.tgz",
      "integrity": "sha1-WNbF2r+N+9jVKDSDmAbAP9YUMjI=",
      "dev": true,
      "requires": {
        "base64-url": "1.2.1",
        "native-or-bluebird": "~1.1.2"
      }
    },
    "utils-merge": {
      "version": "1.0.0",
      "resolved": "https://registry.npmjs.org/utils-merge/-/utils-merge-1.0.0.tgz",
      "integrity": "sha1-ApT7kiu5N1FTVBxPcJYjHyh8ivg=",
      "dev": true
    },
    "vary": {
      "version": "1.0.1",
      "resolved": "https://registry.npmjs.org/vary/-/vary-1.0.1.tgz",
      "integrity": "sha1-meSYFWaihhGN+yuBc1ffeZM3bRA=",
      "dev": true
    },
    "vhost": {
      "version": "3.0.2",
      "resolved": "https://registry.npmjs.org/vhost/-/vhost-3.0.2.tgz",
      "integrity": "sha1-L7HezUxGaqiLD5NBrzPcGv8keNU=",
      "dev": true
    }
  }
}
